
Microsoft Visual Studio Solution File, Format Version 12.00
# Visual Studio 14
VisualStudioVersion = 14.0.25420.1
MinimumVisualStudioVersion = 10.0.40219.1
Project("{FAE04EC0-301F-11D3-BF4B-00C04F79EFBC}") = "Friend Finder", "Friend Finder\Friend Finder.csproj", "{5FEF8BDD-9732-4E19-91BA-9DD9DE22D9ED}"
EndProject
Project("{FAE04EC0-301F-11D3-BF4B-00C04F79EFBC}") = "Friend Finder.Tests", "Friend Finder.Tests\Friend Finder.Tests.csproj", "{041EC0E7-4A51-4D87-85F8-0EEEE45F1D00}"
EndProject
Global
	GlobalSection(SolutionConfigurationPlatforms) = preSolution
		Debug|Any CPU = Debug|Any CPU
		Release|Any CPU = Release|Any CPU
	EndGlobalSection
	GlobalSection(ProjectConfigurationPlatforms) = postSolution
		{5FEF8BDD-9732-4E19-91BA-9DD9DE22D9ED}.Debug|Any CPU.ActiveCfg = Debug|Any CPU
		{5FEF8BDD-9732-4E19-91BA-9DD9DE22D9ED}.Debug|Any CPU.Build.0 = Debug|Any CPU
		{5FEF8BDD-9732-4E19-91BA-9DD9DE22D9ED}.Release|Any CPU.ActiveCfg = Release|Any CPU
		{5FEF8BDD-9732-4E19-91BA-9DD9DE22D9ED}.Release|Any CPU.Build.0 = Release|Any CPU
		{041EC0E7-4A51-4D87-85F8-0EEEE45F1D00}.Debug|Any CPU.ActiveCfg = Debug|Any CPU
		{041EC0E7-4A51-4D87-85F8-0EEEE45F1D00}.Debug|Any CPU.Build.0 = Debug|Any CPU
		{041EC0E7-4A51-4D87-85F8-0EEEE45F1D00}.Release|Any CPU.ActiveCfg = Release|Any CPU
		{041EC0E7-4A51-4D87-85F8-0EEEE45F1D00}.Release|Any CPU.Build.0 = Release|Any CPU
	EndGlobalSection
	GlobalSection(SolutionProperties) = preSolution
		HideSolutionNode = FALSE
	EndGlobalSection
EndGlobal
